github.com/Zyko0/Ebiary/asset v0.0.0-20240304185439-be56fe8a2a6a h1:kn4fhGvVA6T1lK7qWujIj3m7e9imCZe4MHBuBeflKgU=
github.com/Zyko0/Ebiary/asset v0.0.0-20240304185439-be56fe8a2a6a/go.mod h1:4CqqwHRUbvGBpBd5ye4MxDA4k/XtZqrAD1sg9uxmcYI=
github.com/ebitengine/gomobile v0.0.0-20240429094902-cf88669c3591 h1:iCauZ8Q3KW2EHpj+Re4qRU4/Y7ustOTpNV6m8hx5BqE=
github.com/ebitengine/gomobile v0.0.0-20240429094902-cf88669c3591/go.mod h1:7zsHIJi2c+Jo+wIL9wD+ADWzMbtG8jhUQpplXIrZ7EI=
github.com/ebitengine/hideconsole v1.0.0 h1:5J4U0kXF+pv/DhiXt5/lTz0eO5ogJ1iXb8Yj1yReDqE=
github.com/ebitengine/hideconsole v1.0.0/go.mod h1:hTTBTvVYWKBuxPr7peweneWdkUwEuHuB3C1R/ielR1A=
github.com/ebitengine/purego v0.8.0-alpha.2 h1:+Kyr9n4eXAGMzhtWJxfdQ7AzGn0+6ZWihfCCxul3Dso=
github.com/ebitengine/purego v0.8.0-alpha.2/go.mod h1:w5fARo4H5UrAgQTz0yqDfZ6bjstTQwUFmO+TN+nHlWE=
github.com/fsnotify/fsnotify v1.7.0 h1:8JEhPFa5W2WU7YfeZzPNqzMP6Lwt7L2715Ggo0nosvA=
github.com/fsnotify/fsnotify v1.7.0/go.mod h1:40Bi/Hjc2AVfZrqy+aj+yEI+/bRxZnMJyTJwOpGvigM=
github.com/go-text/typesetting v0.1.1-0.20240402181327-ced1d6822703 h1:AqtMl9yw7r319Ah4W2afQm3Ql+PEsQKHds18tGvKhog=
github.com/go-text/typesetting v0.1.1-0.20240402181327-ced1d6822703/go.mod h1:2+owI/sxa73XA581LAzVuEBZ3WEEV2pXeDswCH/3i1I=
github.com/go-text/typesetting-utils v0.0.0-20240317173224-1986cbe96c66 h1:GUrm65PQPlhFSKjLPGOZNPNxLCybjzjYBzjfoBGaDUY=
github.com/go-text/typesetting-utils v0.0.0-20240317173224-1986cbe96c66/go.mod h1:DDxDdQEnB70R8owOx3LVpEFvpMK9eeH1o2r0yZhFI9o=
github.com/hajimehoshi/bitmapfont/v3 v3.1.0 h1:JLy/na2e83GewqebpFbS2LHpDVnGdzmyJOpqXtBgLm0=
github.com/hajimehoshi/bitmapfont/v3 v3.1.0/go.mod h1:VVaVK/4HpV1MHWswCl5miFOuLoRVyIplB3qEJxZK2OA=
github.com/hajimehoshi/ebiten/v2 v2.8.0-alpha.1.0.20240505114735-5d4a68b0ea9e h1:B/8mZdU/t1kZcTUH3+ynQ4IgJTE3Btir0C/gSCNkPjU=
github.com/hajimehoshi/ebiten/v2 v2.8.0-alpha.1.0.20240505114735-5d4a68b0ea9e/go.mod h1:+zSQq3pUAhZerDUN4npOPW9StkdYh7W8Xk7KFuQgfwE=
github.com/jezek/xgb v1.1.1 h1:bE/r8ZZtSv7l9gk6nU0mYx51aXrvnyb44892TwSaqS4=
github.com/jezek/xgb v1.1.1/go.mod h1:nrhwO0FX/enq75I7Y7G8iN1ubpSGZEiA3v9e9GyRFlk=
golang.org/x/image v0.15.0 h1:kOELfmgrmJlw4Cdb7g/QGuB3CvDrXbqEIww/pNtNBm8=
golang.org/x/image v0.15.0/go.mod h1:HUYqC05R2ZcZ3ejNQsIHQDQiwWM4JBqmm6MKANTp4LE=
golang.org/x/sync v0.7.0 h1:YsImfSBoP9QPYL0xyKJPq0gcaJdG3rInoqxTWbfQu9M=
golang.org/x/sync v0.7.0/go.mod h1:Czt+wKu1gCyEFDUtn0jG5QVvpJ6rzVqr5aXyt9drQfk=
golang.org/x/sys v0.19.0 h1:q5f1RH2jigJ1MoAWp2KTp3gm5zAGFUTarQZ5U386+4o=
golang.org/x/sys v0.19.0/go.mod h1:/VUhepiaJMQUp4+oa/7Zr1D23ma6VTLIYjOOTFZPUcA=
golang.org/x/text v0.14.0 h1:ScX5w1eTa3QqT8oi6+ziP7dTV1S2+ALU0bI+0zXKWiQ=
golang.org/x/text v0.14.0/go.mod h1:18ZOQIKpY8NJVqYksKHtTdi31H5itFRjB5/qKTNYzSU=
